
Microsoft Visual Studio Solution File, Format Version 9.00
# Visual C# Express 2005
Project("{FAE04EC0-301F-11D3-BF4B-00C04F79EFBC}") = "src_chat_cliente", "src_chat\src_chat_cliente.csproj", "{0AF44DC9-3543-4019-B2E8-3316F87ACCFC}"
EndProject
Global
	GlobalSection(SolutionConfigurationPlatforms) = preSolution
		Debug|Any CPU = Debug|Any CPU
		Release|Any CPU = Release|Any CPU
	EndGlobalSection
	GlobalSection(ProjectConfigurationPlatforms) = postSolution
		{0AF44DC9-3543-4019-B2E8-3316F87ACCFC}.Debug|Any CPU.ActiveCfg = Debug|Any CPU
		{0AF44DC9-3543-4019-B2E8-3316F87ACCFC}.Debug|Any CPU.Build.0 = Debug|Any CPU
		{0AF44DC9-3543-4019-B2E8-3316F87ACCFC}.Release|Any CPU.ActiveCfg = Release|Any CPU
		{0AF44DC9-3543-4019-B2E8-3316F87ACCFC}.Release|Any CPU.Build.0 = Release|Any CPU
	EndGlobalSection
	GlobalSection(SolutionProperties) = preSolution
		HideSolutionNode = FALSE
	EndGlobalSection
EndGlobal
